# @generated by Move, please check-in and do not edit manually.

[move]
version = 3
manifest_digest = "6FC54E3A0EE6A28BE8847F7A42BC6F2B9568ACC32498107033826C4258242382"
deps_digest = "3C4103934B1E040BB6B23F1D610B4EF9F2F1166A50A104EADCF77467C004C600"
dependencies = [
  { id = "AccountExtensions", name = "AccountExtensions" },
  { id = "Sui", name = "Sui" },
]

[[move.package]]
id = "AccountExtensions"
source = { local = "../extensions" }

dependencies = [
  { id = "Sui", name = "Sui" },
]

[[move.package]]
id = "MoveStdlib"
source = { git = "https://github.com/MystenLabs/sui.git", rev = "testnet", subdir = "crates/sui-framework/packages/move-stdlib" }

[[move.package]]
id = "Sui"
source = { git = "https://github.com/MystenLabs/sui.git", rev = "testnet", subdir = "crates/sui-framework/packages/sui-framework" }

dependencies = [
  { id = "MoveStdlib", name = "MoveStdlib" },
]

[env]

[env.testnet]
chain-id = "4c78adac"
original-published-id = "0x78576bfae0b8c22b188b7aeb8ea94487ef96defff8d2c168f7af2993fa59b2c8"
latest-published-id = "0x78576bfae0b8c22b188b7aeb8ea94487ef96defff8d2c168f7af2993fa59b2c8"
published-version = "1"
