# @generated by Move, please check-in and do not edit manually.

[move]
version = 3
manifest_digest = "287378B6B11C4951522BD1B228DA007AF5AB8567685F24EEBE942AC232E6A970"
deps_digest = "3C4103934B1E040BB6B23F1D610B4EF9F2F1166A50A104EADCF77467C004C600"
dependencies = [
  { id = "AccountExtensions", name = "AccountExtensions" },
  { id = "Sui", name = "Sui" },
]

[[move.package]]
id = "AccountExtensions"
source = { local = "../extensions" }

dependencies = [
  { id = "Sui", name = "Sui" },
]

[[move.package]]
id = "MoveStdlib"
source = { git = "https://github.com/MystenLabs/sui.git", rev = "testnet", subdir = "crates/sui-framework/packages/move-stdlib" }

[[move.package]]
id = "Sui"
source = { git = "https://github.com/MystenLabs/sui.git", rev = "testnet", subdir = "crates/sui-framework/packages/sui-framework" }

dependencies = [
  { id = "MoveStdlib", name = "MoveStdlib" },
]

[env]

[env.testnet]
chain-id = "4c78adac"
original-published-id = "0xa8ab4e47d58f47ce46a8a0748c8511a733264ea55f4896ed81673414a26b4ab0"
latest-published-id = "0xa8ab4e47d58f47ce46a8a0748c8511a733264ea55f4896ed81673414a26b4ab0"
published-version = "1"
