# @generated by Move, please check-in and do not edit manually.

[move]
version = 3
manifest_digest = "5253753162C89EA104C476EA50F40FBFB7D2C69C5E949514D682C7EED719BCA2"
deps_digest = "3C4103934B1E040BB6B23F1D610B4EF9F2F1166A50A104EADCF77467C004C600"
dependencies = [
  { id = "AccountExtensions", name = "AccountExtensions" },
  { id = "Sui", name = "Sui" },
]

[[move.package]]
id = "AccountExtensions"
source = { local = "../extensions" }

dependencies = [
  { id = "Sui", name = "Sui" },
]

[[move.package]]
id = "MoveStdlib"
source = { git = "https://github.com/MystenLabs/sui.git", rev = "testnet", subdir = "crates/sui-framework/packages/move-stdlib" }

[[move.package]]
id = "Sui"
source = { git = "https://github.com/MystenLabs/sui.git", rev = "testnet", subdir = "crates/sui-framework/packages/sui-framework" }

dependencies = [
  { id = "MoveStdlib", name = "MoveStdlib" },
]

[env]

[env.testnet]
chain-id = "4c78adac"
original-published-id = "0x27f3d8af66a6253c07b3c2576a429bc96c89adee14f49318a9ce21a842fd8552"
latest-published-id = "0x27f3d8af66a6253c07b3c2576a429bc96c89adee14f49318a9ce21a842fd8552"
published-version = "1"
