# @generated by Move, please check-in and do not edit manually.

[move]
version = 3
manifest_digest = "E078F28CF1661DC9EB487DE853C27146FEA79019B81F90A11D4232D324921B27"
deps_digest = "F8BBB0CCB2491CA29A3DF03D6F92277A4F3574266507ACD77214D37ECA3F3082"
dependencies = [
  { id = "Sui", name = "Sui" },
]

[[move.package]]
id = "MoveStdlib"
source = { git = "https://github.com/MystenLabs/sui.git", rev = "testnet", subdir = "crates/sui-framework/packages/move-stdlib" }

[[move.package]]
id = "Sui"
source = { git = "https://github.com/MystenLabs/sui.git", rev = "testnet", subdir = "crates/sui-framework/packages/sui-framework" }

dependencies = [
  { id = "MoveStdlib", name = "MoveStdlib" },
]

[env]

[env.testnet]
chain-id = "4c78adac"
original-published-id = "0xbcd8105d33da551047e81e523f6bc2646f5bb7ba2ba31cf5f06e9073ef0600ce"
latest-published-id = "0xbcd8105d33da551047e81e523f6bc2646f5bb7ba2ba31cf5f06e9073ef0600ce"
published-version = "1"
